
Microsoft Visual Studio Solution File, Format Version 12.00
# Visual Studio Version 16
VisualStudioVersion = 16.0.29728.190
MinimumVisualStudioVersion = 10.0.40219.1
Project("{FAE04EC0-301F-11D3-BF4B-00C04F79EFBC}") = "DogWalkerMVC", "DogWalkerMVC\DogWalkerMVC.csproj", "{AD2F3FE9-FB93-4B64-9B5C-1F38908E7F53}"
EndProject
Global
	GlobalSection(SolutionConfigurationPlatforms) = preSolution
		Debug|Any CPU = Debug|Any CPU
		Release|Any CPU = Release|Any CPU
	EndGlobalSection
	GlobalSection(ProjectConfigurationPlatforms) = postSolution
		{AD2F3FE9-FB93-4B64-9B5C-1F38908E7F53}.Debug|Any CPU.ActiveCfg = Debug|Any CPU
		{AD2F3FE9-FB93-4B64-9B5C-1F38908E7F53}.Debug|Any CPU.Build.0 = Debug|Any CPU
		{AD2F3FE9-FB93-4B64-9B5C-1F38908E7F53}.Release|Any CPU.ActiveCfg = Release|Any CPU
		{AD2F3FE9-FB93-4B64-9B5C-1F38908E7F53}.Release|Any CPU.Build.0 = Release|Any CPU
	EndGlobalSection
	GlobalSection(SolutionProperties) = preSolution
		HideSolutionNode = FALSE
	EndGlobalSection
	GlobalSection(ExtensibilityGlobals) = postSolution
		SolutionGuid = {504DBEF3-764E-44A5-BA4A-AA9932E98D9C}
	EndGlobalSection
EndGlobal
